
Microsoft Visual Studio Solution File, Format Version 11.00
# Visual Studio 2010
Project("{FAE04EC0-301F-11D3-BF4B-00C04F79EFBC}") = "RKMC.Base.BO", "RKMC.Base.BO\RKMC.Base.BO.csproj", "{F5CAFC6B-9BF6-47D5-9291-C28BBD8B8C16}"
EndProject
Project("{FAE04EC0-301F-11D3-BF4B-00C04F79EFBC}") = "RKMC.Base.Data", "RKMC.Base.Data\RKMC.Base.Data.csproj", "{1DE3B3C6-C7BC-4D46-BC11-4372B3BE4EAB}"
EndProject
Global
	GlobalSection(SolutionConfigurationPlatforms) = preSolution
		Debug|Any CPU = Debug|Any CPU
		Release|Any CPU = Release|Any CPU
	EndGlobalSection
	GlobalSection(ProjectConfigurationPlatforms) = postSolution
		{F5CAFC6B-9BF6-47D5-9291-C28BBD8B8C16}.Debug|Any CPU.ActiveCfg = Debug|Any CPU
		{F5CAFC6B-9BF6-47D5-9291-C28BBD8B8C16}.Debug|Any CPU.Build.0 = Debug|Any CPU
		{F5CAFC6B-9BF6-47D5-9291-C28BBD8B8C16}.Release|Any CPU.ActiveCfg = Release|Any CPU
		{F5CAFC6B-9BF6-47D5-9291-C28BBD8B8C16}.Release|Any CPU.Build.0 = Release|Any CPU
		{1DE3B3C6-C7BC-4D46-BC11-4372B3BE4EAB}.Debug|Any CPU.ActiveCfg = Debug|Any CPU
		{1DE3B3C6-C7BC-4D46-BC11-4372B3BE4EAB}.Debug|Any CPU.Build.0 = Debug|Any CPU
		{1DE3B3C6-C7BC-4D46-BC11-4372B3BE4EAB}.Release|Any CPU.ActiveCfg = Release|Any CPU
		{1DE3B3C6-C7BC-4D46-BC11-4372B3BE4EAB}.Release|Any CPU.Build.0 = Release|Any CPU
	EndGlobalSection
	GlobalSection(SolutionProperties) = preSolution
		HideSolutionNode = FALSE
	EndGlobalSection
EndGlobal
